
Microsoft Visual Studio Solution File, Format Version 12.00
# Visual Studio Version 17
VisualStudioVersion = 17.4.33213.308
MinimumVisualStudioVersion = 10.0.40219.1
Project("{FAE04EC0-301F-11D3-BF4B-00C04F79EFBC}") = "test_project", "test_project\test_project.csproj", "{527BFB3B-2CA6-4236-A077-1A82C43FF3D4}"
EndProject
Global
	GlobalSection(SolutionConfigurationPlatforms) = preSolution
		Debug|Any CPU = Debug|Any CPU
		Release|Any CPU = Release|Any CPU
	EndGlobalSection
	GlobalSection(ProjectConfigurationPlatforms) = postSolution
		{527BFB3B-2CA6-4236-A077-1A82C43FF3D4}.Debug|Any CPU.ActiveCfg = Debug|Any CPU
		{527BFB3B-2CA6-4236-A077-1A82C43FF3D4}.Debug|Any CPU.Build.0 = Debug|Any CPU
		{527BFB3B-2CA6-4236-A077-1A82C43FF3D4}.Release|Any CPU.ActiveCfg = Release|Any CPU
		{527BFB3B-2CA6-4236-A077-1A82C43FF3D4}.Release|Any CPU.Build.0 = Release|Any CPU
	EndGlobalSection
	GlobalSection(SolutionProperties) = preSolution
		HideSolutionNode = FALSE
	EndGlobalSection
	GlobalSection(ExtensibilityGlobals) = postSolution
		SolutionGuid = {AEF2FB35-5E02-4770-82AF-7C30F5BE743C}
	EndGlobalSection
EndGlobal
